{
  "name": "2_projekt",
  "version": "1.0.0",
  "lockfileVersion": 3,
  "requires": true,
  "packages": {
    "": {
      "name": "2_projekt",
      "version": "1.0.0",
      "license": "ISC",
      "dependencies": {
        "strips": "^0.0.10"
      }
    },
    "node_modules/pegjs": {
      "version": "0.10.0",
      "resolved": "https://registry.npmjs.org/pegjs/-/pegjs-0.10.0.tgz",
      "integrity": "sha512-qI5+oFNEGi3L5HAxDwN2LA4Gg7irF70Zs25edhjld9QemOgp0CbvMtbFcMvFtEo1OityPrcCzkQFB8JP/hxgow==",
      "bin": {
        "pegjs": "bin/pegjs"
      },
      "engines": {
        "node": ">=0.10"
      }
    },
    "node_modules/strips": {
      "version": "0.0.10",
      "resolved": "https://registry.npmjs.org/strips/-/strips-0.0.10.tgz",
      "integrity": "sha512-ALEGffS8fVenS+vb0Sd6D4mI5N6VlypxAwVkJggHvsT6fDEgTwGde/ZLXZp3q0n4T4sJPiFlQVUHxit6KatBUg==",
      "dependencies": {
        "pegjs": "*"
      },
      "engines": {
        "node": "*",
        "npm": "*"
      }
    }
  }
}
